
Microsoft Visual Studio Solution File, Format Version 12.00
# Visual Studio Version 17
VisualStudioVersion = 17.9.34728.123
MinimumVisualStudioVersion = 10.0.40219.1
Project("{FAE04EC0-301F-11D3-BF4B-00C04F79EFBC}") = "ApmPresentation", "ApmPresentation\ApmPresentation.csproj", "{2E31E494-FB34-45BB-84D8-82310E4C7540}"
EndProject
Project("{FAE04EC0-301F-11D3-BF4B-00C04F79EFBC}") = "WeatherService", "WeatherService\WeatherService.csproj", "{681C65FC-01F7-41B8-8C07-5F4882032F7E}"
EndProject
Project("{FAE04EC0-301F-11D3-BF4B-00C04F79EFBC}") = "LocationService", "LocationService\LocationService.csproj", "{7B25CCBA-F0CD-4CD3-ADF6-C4FBE75B8934}"
EndProject
Global
	GlobalSection(SolutionConfigurationPlatforms) = preSolution
		Debug|Any CPU = Debug|Any CPU
		Release|Any CPU = Release|Any CPU
	EndGlobalSection
	GlobalSection(ProjectConfigurationPlatforms) = postSolution
		{2E31E494-FB34-45BB-84D8-82310E4C7540}.Debug|Any CPU.ActiveCfg = Debug|Any CPU
		{2E31E494-FB34-45BB-84D8-82310E4C7540}.Debug|Any CPU.Build.0 = Debug|Any CPU
		{2E31E494-FB34-45BB-84D8-82310E4C7540}.Release|Any CPU.ActiveCfg = Release|Any CPU
		{2E31E494-FB34-45BB-84D8-82310E4C7540}.Release|Any CPU.Build.0 = Release|Any CPU
		{681C65FC-01F7-41B8-8C07-5F4882032F7E}.Debug|Any CPU.ActiveCfg = Debug|Any CPU
		{681C65FC-01F7-41B8-8C07-5F4882032F7E}.Debug|Any CPU.Build.0 = Debug|Any CPU
		{681C65FC-01F7-41B8-8C07-5F4882032F7E}.Release|Any CPU.ActiveCfg = Release|Any CPU
		{681C65FC-01F7-41B8-8C07-5F4882032F7E}.Release|Any CPU.Build.0 = Release|Any CPU
		{7B25CCBA-F0CD-4CD3-ADF6-C4FBE75B8934}.Debug|Any CPU.ActiveCfg = Debug|Any CPU
		{7B25CCBA-F0CD-4CD3-ADF6-C4FBE75B8934}.Debug|Any CPU.Build.0 = Debug|Any CPU
		{7B25CCBA-F0CD-4CD3-ADF6-C4FBE75B8934}.Release|Any CPU.ActiveCfg = Release|Any CPU
		{7B25CCBA-F0CD-4CD3-ADF6-C4FBE75B8934}.Release|Any CPU.Build.0 = Release|Any CPU
	EndGlobalSection
	GlobalSection(SolutionProperties) = preSolution
		HideSolutionNode = FALSE
	EndGlobalSection
	GlobalSection(ExtensibilityGlobals) = postSolution
		SolutionGuid = {F20F74BE-6DB4-407D-B409-16A154F61707}
	EndGlobalSection
EndGlobal
